// !$*UTF8*$!
{
	archiveVersion = 1;
	classes = {
	};
	objectVersion = 56;
	objects = {

/* Begin PBXBuildFile section */
		0100000000000001 /* ScrollDownApp.swift in Sources */ = {isa = PBXBuildFile; fileRef = 0200000000000001 /* ScrollDownApp.swift */; };
		0100000000000002 /* ContentView.swift in Sources */ = {isa = PBXBuildFile; fileRef = 0200000000000002 /* ContentView.swift */; };
		0100000000000003 /* Game.swift in Sources */ = {isa = PBXBuildFile; fileRef = 0200000000000003 /* Game.swift */; };
		0100000000000004 /* GameSummary.swift in Sources */ = {isa = PBXBuildFile; fileRef = 0200000000000004 /* GameSummary.swift */; };
		0100000000000005 /* TeamStat.swift in Sources */ = {isa = PBXBuildFile; fileRef = 0200000000000005 /* TeamStat.swift */; };
		0100000000000006 /* PlayerStat.swift in Sources */ = {isa = PBXBuildFile; fileRef = 0200000000000006 /* PlayerStat.swift */; };
		0100000000000007 /* OddsEntry.swift in Sources */ = {isa = PBXBuildFile; fileRef = 0200000000000007 /* OddsEntry.swift */; };
		0100000000000008 /* SocialPost.swift in Sources */ = {isa = PBXBuildFile; fileRef = 0200000000000008 /* SocialPost.swift */; };
		0100000000000009 /* PlayEntry.swift in Sources */ = {isa = PBXBuildFile; fileRef = 0200000000000009 /* PlayEntry.swift */; };
		0100000000000010 /* PbpEvent.swift in Sources */ = {isa = PBXBuildFile; fileRef = 0200000000000010 /* PbpEvent.swift */; };
		0100000000000011 /* MockLoader.swift in Sources */ = {isa = PBXBuildFile; fileRef = 0200000000000011 /* MockLoader.swift */; };
		0100000000000012 /* GameService.swift in Sources */ = {isa = PBXBuildFile; fileRef = 0200000000000012 /* GameService.swift */; };
		0100000000000013 /* MockGameService.swift in Sources */ = {isa = PBXBuildFile; fileRef = 0200000000000013 /* MockGameService.swift */; };
		0100000000000014 /* RealGameService.swift in Sources */ = {isa = PBXBuildFile; fileRef = 0200000000000014 /* RealGameService.swift */; };
		0100000000000015 /* HomeView.swift in Sources */ = {isa = PBXBuildFile; fileRef = 0200000000000015 /* HomeView.swift */; };
		0100000000000016 /* GameRowView.swift in Sources */ = {isa = PBXBuildFile; fileRef = 0200000000000016 /* GameRowView.swift */; };
		0100000000000017 /* GameDetailView.swift in Sources */ = {isa = PBXBuildFile; fileRef = 0200000000000017 /* GameDetailView.swift */; };
		0100000000000018 /* AppConfig.swift in Sources */ = {isa = PBXBuildFile; fileRef = 0200000000000018 /* AppConfig.swift */; };
		0100000000000019 /* Assets.xcassets in Resources */ = {isa = PBXBuildFile; fileRef = 0200000000000019 /* Assets.xcassets */; };
		0100000000000020 /* game-001.json in Resources */ = {isa = PBXBuildFile; fileRef = 0200000000000020 /* game-001.json */; };
		0100000000000021 /* game-002.json in Resources */ = {isa = PBXBuildFile; fileRef = 0200000000000021 /* game-002.json */; };
		0100000000000022 /* game-list.json in Resources */ = {isa = PBXBuildFile; fileRef = 0200000000000022 /* game-list.json */; };
		0100000000000023 /* pbp-001.json in Resources */ = {isa = PBXBuildFile; fileRef = 0200000000000023 /* pbp-001.json */; };
		0100000000000024 /* social-posts.json in Resources */ = {isa = PBXBuildFile; fileRef = 0200000000000024 /* social-posts.json */; };
		0100000000000025 /* GameListResponse.swift in Sources */ = {isa = PBXBuildFile; fileRef = 0200000000000025 /* GameListResponse.swift */; };
		0100000000000026 /* GameDetailResponse.swift in Sources */ = {isa = PBXBuildFile; fileRef = 0200000000000026 /* GameDetailResponse.swift */; };
		0100000000000027 /* Enums.swift in Sources */ = {isa = PBXBuildFile; fileRef = 0200000000000027 /* Enums.swift */; };
		0100000000000028 /* GameDetailViewModel.swift in Sources */ = {isa = PBXBuildFile; fileRef = 0200000000000028 /* GameDetailViewModel.swift */; };
		0100000000000029 /* GameSection.swift in Sources */ = {isa = PBXBuildFile; fileRef = 0200000000000029 /* GameSection.swift */; };
		0100000000000030 /* PreviewFixtures.swift in Sources */ = {isa = PBXBuildFile; fileRef = 0200000000000030 /* PreviewFixtures.swift */; };
		0100000000000031 /* EmptySectionView.swift in Sources */ = {isa = PBXBuildFile; fileRef = 0200000000000031 /* EmptySectionView.swift */; };
		0100000000000032 /* GameHeaderView.swift in Sources */ = {isa = PBXBuildFile; fileRef = 0200000000000032 /* GameHeaderView.swift */; };
		0100000000000033 /* HighlightCardView.swift in Sources */ = {isa = PBXBuildFile; fileRef = 0200000000000033 /* HighlightCardView.swift */; };
		0100000000000034 /* SectionCardView.swift in Sources */ = {isa = PBXBuildFile; fileRef = 0200000000000034 /* SectionCardView.swift */; };
		0100000000000035 /* TeamComparisonRowView.swift in Sources */ = {isa = PBXBuildFile; fileRef = 0200000000000035 /* TeamComparisonRowView.swift */; };
		0100000000000036 /* TimelineRowView.swift in Sources */ = {isa = PBXBuildFile; fileRef = 0200000000000036 /* TimelineRowView.swift */; };
		0100000000000037 /* GameTheme.swift in Sources */ = {isa = PBXBuildFile; fileRef = 0200000000000037 /* GameTheme.swift */; };
		0100000000000038 /* HomeTheme.swift in Sources */ = {isa = PBXBuildFile; fileRef = 0200000000000038 /* HomeTheme.swift */; };
/* End PBXBuildFile section */

/* Begin PBXFileReference section */
		0200000000000000 /* ScrollDown.app */ = {isa = PBXFileReference; explicitFileType = wrapper.application; includeInIndex = 0; path = ScrollDown.app; sourceTree = BUILT_PRODUCTS_DIR; };
		0200000000000001 /* ScrollDownApp.swift */ = {isa = PBXFileReference; lastKnownFileType = sourcecode.swift; path = ScrollDownApp.swift; sourceTree = "<group>"; };
		0200000000000002 /* ContentView.swift */ = {isa = PBXFileReference; lastKnownFileType = sourcecode.swift; path = ContentView.swift; sourceTree = "<group>"; };
		0200000000000003 /* Game.swift */ = {isa = PBXFileReference; lastKnownFileType = sourcecode.swift; path = Game.swift; sourceTree = "<group>"; };
		0200000000000004 /* GameSummary.swift */ = {isa = PBXFileReference; lastKnownFileType = sourcecode.swift; path = GameSummary.swift; sourceTree = "<group>"; };
		0200000000000005 /* TeamStat.swift */ = {isa = PBXFileReference; lastKnownFileType = sourcecode.swift; path = TeamStat.swift; sourceTree = "<group>"; };
		0200000000000006 /* PlayerStat.swift */ = {isa = PBXFileReference; lastKnownFileType = sourcecode.swift; path = PlayerStat.swift; sourceTree = "<group>"; };
		0200000000000007 /* OddsEntry.swift */ = {isa = PBXFileReference; lastKnownFileType = sourcecode.swift; path = OddsEntry.swift; sourceTree = "<group>"; };
		0200000000000008 /* SocialPost.swift */ = {isa = PBXFileReference; lastKnownFileType = sourcecode.swift; path = SocialPost.swift; sourceTree = "<group>"; };
		0200000000000009 /* PlayEntry.swift */ = {isa = PBXFileReference; lastKnownFileType = sourcecode.swift; path = PlayEntry.swift; sourceTree = "<group>"; };
		0200000000000010 /* PbpEvent.swift */ = {isa = PBXFileReference; lastKnownFileType = sourcecode.swift; path = PbpEvent.swift; sourceTree = "<group>"; };
		0200000000000011 /* MockLoader.swift */ = {isa = PBXFileReference; lastKnownFileType = sourcecode.swift; path = MockLoader.swift; sourceTree = "<group>"; };
		0200000000000012 /* GameService.swift */ = {isa = PBXFileReference; lastKnownFileType = sourcecode.swift; path = GameService.swift; sourceTree = "<group>"; };
		0200000000000013 /* MockGameService.swift */ = {isa = PBXFileReference; lastKnownFileType = sourcecode.swift; path = MockGameService.swift; sourceTree = "<group>"; };
		0200000000000014 /* RealGameService.swift */ = {isa = PBXFileReference; lastKnownFileType = sourcecode.swift; path = RealGameService.swift; sourceTree = "<group>"; };
		0200000000000015 /* HomeView.swift */ = {isa = PBXFileReference; lastKnownFileType = sourcecode.swift; path = HomeView.swift; sourceTree = "<group>"; };
		0200000000000016 /* GameRowView.swift */ = {isa = PBXFileReference; lastKnownFileType = sourcecode.swift; path = GameRowView.swift; sourceTree = "<group>"; };
		0200000000000017 /* GameDetailView.swift */ = {isa = PBXFileReference; lastKnownFileType = sourcecode.swift; path = GameDetailView.swift; sourceTree = "<group>"; };
		0200000000000018 /* AppConfig.swift */ = {isa = PBXFileReference; lastKnownFileType = sourcecode.swift; path = AppConfig.swift; sourceTree = "<group>"; };
		0200000000000019 /* Assets.xcassets */ = {isa = PBXFileReference; lastKnownFileType = folder.assetcatalog; path = Assets.xcassets; sourceTree = "<group>"; };
		0200000000000020 /* game-001.json */ = {isa = PBXFileReference; lastKnownFileType = text.json; path = "game-001.json"; sourceTree = "<group>"; };
		0200000000000021 /* game-002.json */ = {isa = PBXFileReference; lastKnownFileType = text.json; path = "game-002.json"; sourceTree = "<group>"; };
		0200000000000022 /* game-list.json */ = {isa = PBXFileReference; lastKnownFileType = text.json; path = "game-list.json"; sourceTree = "<group>"; };
		0200000000000023 /* pbp-001.json */ = {isa = PBXFileReference; lastKnownFileType = text.json; path = "pbp-001.json"; sourceTree = "<group>"; };
		0200000000000024 /* social-posts.json */ = {isa = PBXFileReference; lastKnownFileType = text.json; path = "social-posts.json"; sourceTree = "<group>"; };
		0200000000000025 /* GameListResponse.swift */ = {isa = PBXFileReference; lastKnownFileType = sourcecode.swift; path = GameListResponse.swift; sourceTree = "<group>"; };
		0200000000000026 /* GameDetailResponse.swift */ = {isa = PBXFileReference; lastKnownFileType = sourcecode.swift; path = GameDetailResponse.swift; sourceTree = "<group>"; };
		0200000000000027 /* Enums.swift */ = {isa = PBXFileReference; lastKnownFileType = sourcecode.swift; path = Enums.swift; sourceTree = "<group>"; };
		0200000000000028 /* GameDetailViewModel.swift */ = {isa = PBXFileReference; lastKnownFileType = sourcecode.swift; path = GameDetailViewModel.swift; sourceTree = "<group>"; };
		0200000000000029 /* GameSection.swift */ = {isa = PBXFileReference; lastKnownFileType = sourcecode.swift; path = GameSection.swift; sourceTree = "<group>"; };
		0200000000000030 /* PreviewFixtures.swift */ = {isa = PBXFileReference; lastKnownFileType = sourcecode.swift; path = PreviewFixtures.swift; sourceTree = "<group>"; };
		0200000000000031 /* EmptySectionView.swift */ = {isa = PBXFileReference; lastKnownFileType = sourcecode.swift; path = EmptySectionView.swift; sourceTree = "<group>"; };
		0200000000000032 /* GameHeaderView.swift */ = {isa = PBXFileReference; lastKnownFileType = sourcecode.swift; path = GameHeaderView.swift; sourceTree = "<group>"; };
		0200000000000033 /* HighlightCardView.swift */ = {isa = PBXFileReference; lastKnownFileType = sourcecode.swift; path = HighlightCardView.swift; sourceTree = "<group>"; };
		0200000000000034 /* SectionCardView.swift */ = {isa = PBXFileReference; lastKnownFileType = sourcecode.swift; path = SectionCardView.swift; sourceTree = "<group>"; };
		0200000000000035 /* TeamComparisonRowView.swift */ = {isa = PBXFileReference; lastKnownFileType = sourcecode.swift; path = TeamComparisonRowView.swift; sourceTree = "<group>"; };
		0200000000000036 /* TimelineRowView.swift */ = {isa = PBXFileReference; lastKnownFileType = sourcecode.swift; path = TimelineRowView.swift; sourceTree = "<group>"; };
		0200000000000037 /* GameTheme.swift */ = {isa = PBXFileReference; lastKnownFileType = sourcecode.swift; path = GameTheme.swift; sourceTree = "<group>"; };
		0200000000000038 /* HomeTheme.swift */ = {isa = PBXFileReference; lastKnownFileType = sourcecode.swift; path = HomeTheme.swift; sourceTree = "<group>"; };
/* End PBXFileReference section */

/* Begin PBXFrameworksBuildPhase section */
		0300000000000001 /* Frameworks */ = {
			isa = PBXFrameworksBuildPhase;
			buildActionMask = 2147483647;
			files = (
			);
			runOnlyForDeploymentPostprocessing = 0;
		};
/* End PBXFrameworksBuildPhase section */

/* Begin PBXGroup section */
		0400000000000000 = {
			isa = PBXGroup;
			children = (
				0400000000000001 /* ScrollDown */,
				0400000000000002 /* Products */,
			);
			sourceTree = "<group>";
		};
		0400000000000001 /* ScrollDown */ = {
			isa = PBXGroup;
			children = (
				0400000000000003 /* Sources */,
				0400000000000009 /* Resources */,
			);
			path = ScrollDown;
			sourceTree = "<group>";
		};
		0400000000000002 /* Products */ = {
			isa = PBXGroup;
			children = (
				0200000000000000 /* ScrollDown.app */,
			);
			name = Products;
			sourceTree = "<group>";
		};
		0400000000000003 /* Sources */ = {
			isa = PBXGroup;
			children = (
				0200000000000001 /* ScrollDownApp.swift */,
				0200000000000002 /* ContentView.swift */,
				0200000000000018 /* AppConfig.swift */,
				0400000000000004 /* Models */,
				0400000000000005 /* Mock */,
				0400000000000006 /* Networking */,
				0400000000000007 /* Screens */,
				0400000000000008 /* Components */,
				0400000000000013 /* ViewModels */,
			);
			path = Sources;
			sourceTree = "<group>";
		};
		0400000000000004 /* Models */ = {
			isa = PBXGroup;
			children = (
				0200000000000027 /* Enums.swift */,
				0200000000000003 /* Game.swift */,
				0200000000000004 /* GameSummary.swift */,
				0200000000000025 /* GameListResponse.swift */,
				0200000000000026 /* GameDetailResponse.swift */,
				0200000000000005 /* TeamStat.swift */,
				0200000000000006 /* PlayerStat.swift */,
				0200000000000007 /* OddsEntry.swift */,
				0200000000000008 /* SocialPost.swift */,
				0200000000000009 /* PlayEntry.swift */,
				0200000000000010 /* PbpEvent.swift */,
			);
			path = Models;
			sourceTree = "<group>";
		};
		0400000000000005 /* Mock */ = {
			isa = PBXGroup;
			children = (
				0200000000000011 /* MockLoader.swift */,
				0400000000000010 /* games */,
			);
			path = Mock;
			sourceTree = "<group>";
		};
		0400000000000006 /* Networking */ = {
			isa = PBXGroup;
			children = (
				0200000000000012 /* GameService.swift */,
				0200000000000013 /* MockGameService.swift */,
				0200000000000014 /* RealGameService.swift */,
			);
			path = Networking;
			sourceTree = "<group>";
		};
		0400000000000007 /* Screens */ = {
			isa = PBXGroup;
			children = (
				0400000000000011 /* Home */,
				0400000000000012 /* Game */,
			);
			path = Screens;
			sourceTree = "<group>";
		};
		0400000000000008 /* Components */ = {
			isa = PBXGroup;
			children = (
			);
			path = Components;
			sourceTree = "<group>";
		};
		0400000000000009 /* Resources */ = {
			isa = PBXGroup;
			children = (
				0200000000000019 /* Assets.xcassets */,
			);
			path = Resources;
			sourceTree = "<group>";
		};
		0400000000000010 /* games */ = {
			isa = PBXGroup;
			children = (
				0200000000000020 /* game-001.json */,
				0200000000000021 /* game-002.json */,
				0200000000000022 /* game-list.json */,
				0200000000000023 /* pbp-001.json */,
				0200000000000024 /* social-posts.json */,
			);
			path = games;
			sourceTree = "<group>";
		};
		0400000000000011 /* Home */ = {
			isa = PBXGroup;
			children = (
				0200000000000015 /* HomeView.swift */,
				0200000000000016 /* GameRowView.swift */,
				0200000000000038 /* HomeTheme.swift */,
			);
			path = Home;
			sourceTree = "<group>";
		};
		0400000000000012 /* Game */ = {
			isa = PBXGroup;
			children = (
				0200000000000017 /* GameDetailView.swift */,
				0200000000000029 /* GameSection.swift */,
				0200000000000030 /* PreviewFixtures.swift */,
				0200000000000031 /* EmptySectionView.swift */,
				0200000000000032 /* GameHeaderView.swift */,
				0200000000000033 /* HighlightCardView.swift */,
				0200000000000034 /* SectionCardView.swift */,
				0200000000000035 /* TeamComparisonRowView.swift */,
				0200000000000036 /* TimelineRowView.swift */,
				0200000000000037 /* GameTheme.swift */,
			);
			path = Game;
			sourceTree = "<group>";
		};
		0400000000000013 /* ViewModels */ = {
			isa = PBXGroup;
			children = (
				0200000000000028 /* GameDetailViewModel.swift */,
			);
			path = ViewModels;
			sourceTree = "<group>";
		};
/* End PBXGroup section */

/* Begin PBXNativeTarget section */
		0500000000000001 /* ScrollDown */ = {
			isa = PBXNativeTarget;
			buildConfigurationList = 0700000000000001 /* Build configuration list for PBXNativeTarget "ScrollDown" */;
			buildPhases = (
				0600000000000001 /* Sources */,
				0300000000000001 /* Frameworks */,
				0600000000000002 /* Resources */,
			);
			buildRules = (
			);
			dependencies = (
			);
			name = ScrollDown;
			productName = ScrollDown;
			productReference = 0200000000000000 /* ScrollDown.app */;
			productType = "com.apple.product-type.application";
		};
/* End PBXNativeTarget section */

/* Begin PBXProject section */
		0800000000000001 /* Project object */ = {
			isa = PBXProject;
			attributes = {
				BuildIndependentTargetsInParallel = 1;
				LastSwiftUpdateCheck = 1500;
				LastUpgradeCheck = 1500;
				TargetAttributes = {
					0500000000000001 = {
						CreatedOnToolsVersion = 15.0;
					};
				};
			};
			buildConfigurationList = 0700000000000002 /* Build configuration list for PBXProject "ScrollDown" */;
			compatibilityVersion = "Xcode 14.0";
			developmentRegion = en;
			hasScannedForEncodings = 0;
			knownRegions = (
				en,
				Base,
			);
			mainGroup = 0400000000000000;
			productRefGroup = 0400000000000002 /* Products */;
			projectDirPath = "";
			projectRoot = "";
			targets = (
				0500000000000001 /* ScrollDown */,
			);
		};
/* End PBXProject section */

/* Begin PBXResourcesBuildPhase section */
		0600000000000002 /* Resources */ = {
			isa = PBXResourcesBuildPhase;
			buildActionMask = 2147483647;
			files = (
				0100000000000019 /* Assets.xcassets in Resources */,
				0100000000000020 /* game-001.json in Resources */,
				0100000000000021 /* game-002.json in Resources */,
				0100000000000022 /* game-list.json in Resources */,
				0100000000000023 /* pbp-001.json in Resources */,
				0100000000000024 /* social-posts.json in Resources */,
			);
			runOnlyForDeploymentPostprocessing = 0;
		};
/* End PBXResourcesBuildPhase section */

/* Begin PBXSourcesBuildPhase section */
		0600000000000001 /* Sources */ = {
			isa = PBXSourcesBuildPhase;
			buildActionMask = 2147483647;
			files = (
				0100000000000001 /* ScrollDownApp.swift in Sources */,
				0100000000000002 /* ContentView.swift in Sources */,
				0100000000000003 /* Game.swift in Sources */,
				0100000000000004 /* GameSummary.swift in Sources */,
				0100000000000005 /* TeamStat.swift in Sources */,
				0100000000000006 /* PlayerStat.swift in Sources */,
				0100000000000007 /* OddsEntry.swift in Sources */,
				0100000000000008 /* SocialPost.swift in Sources */,
				0100000000000009 /* PlayEntry.swift in Sources */,
				0100000000000010 /* PbpEvent.swift in Sources */,
				0100000000000011 /* MockLoader.swift in Sources */,
				0100000000000012 /* GameService.swift in Sources */,
				0100000000000013 /* MockGameService.swift in Sources */,
				0100000000000014 /* RealGameService.swift in Sources */,
				0100000000000015 /* HomeView.swift in Sources */,
				0100000000000016 /* GameRowView.swift in Sources */,
				0100000000000017 /* GameDetailView.swift in Sources */,
				0100000000000018 /* AppConfig.swift in Sources */,
				0100000000000025 /* GameListResponse.swift in Sources */,
				0100000000000026 /* GameDetailResponse.swift in Sources */,
				0100000000000027 /* Enums.swift in Sources */,
				0100000000000028 /* GameDetailViewModel.swift in Sources */,
				0100000000000029 /* GameSection.swift in Sources */,
				0100000000000030 /* PreviewFixtures.swift in Sources */,
				0100000000000031 /* EmptySectionView.swift in Sources */,
				0100000000000032 /* GameHeaderView.swift in Sources */,
				0100000000000033 /* HighlightCardView.swift in Sources */,
				0100000000000034 /* SectionCardView.swift in Sources */,
				0100000000000035 /* TeamComparisonRowView.swift in Sources */,
				0100000000000036 /* TimelineRowView.swift in Sources */,
				0100000000000037 /* GameTheme.swift in Sources */,
				0100000000000038 /* HomeTheme.swift in Sources */,
			);
			runOnlyForDeploymentPostprocessing = 0;
		};
/* End PBXSourcesBuildPhase section */

/* Begin XCBuildConfiguration section */
		0900000000000001 /* Debug */ = {
			isa = XCBuildConfiguration;
			buildSettings = {
				ALWAYS_SEARCH_USER_PATHS = NO;
				ASSETCATALOG_COMPILER_GENERATE_SWIFT_ASSET_SYMBOL_EXTENSIONS = YES;
				CLANG_ANALYZER_NONNULL = YES;
				CLANG_ANALYZER_NUMBER_OBJECT_CONVERSION = YES_AGGRESSIVE;
				CLANG_CXX_LANGUAGE_STANDARD = "gnu++20";
				CLANG_ENABLE_MODULES = YES;
				CLANG_ENABLE_OBJC_ARC = YES;
				CLANG_ENABLE_OBJC_WEAK = YES;
				CLANG_WARN_BLOCK_CAPTURE_AUTORELEASING = YES;
				CLANG_WARN_BOOL_CONVERSION = YES;
				CLANG_WARN_COMMA = YES;
				CLANG_WARN_CONSTANT_CONVERSION = YES;
				CLANG_WARN_DEPRECATED_OBJC_IMPLEMENTATIONS = YES;
				CLANG_WARN_DIRECT_OBJC_ISA_USAGE = YES_ERROR;
				CLANG_WARN_DOCUMENTATION_COMMENTS = YES;
				CLANG_WARN_EMPTY_BODY = YES;
				CLANG_WARN_ENUM_CONVERSION = YES;
				CLANG_WARN_INFINITE_RECURSION = YES;
				CLANG_WARN_INT_CONVERSION = YES;
				CLANG_WARN_NON_LITERAL_NULL_CONVERSION = YES;
				CLANG_WARN_OBJC_IMPLICIT_RETAIN_SELF = YES;
				CLANG_WARN_OBJC_LITERAL_CONVERSION = YES;
				CLANG_WARN_OBJC_ROOT_CLASS = YES_ERROR;
				CLANG_WARN_QUOTED_INCLUDE_IN_FRAMEWORK_HEADER = YES;
				CLANG_WARN_RANGE_LOOP_ANALYSIS = YES;
				CLANG_WARN_STRICT_PROTOTYPES = YES;
				CLANG_WARN_SUSPICIOUS_MOVE = YES;
				CLANG_WARN_UNGUARDED_AVAILABILITY = YES_AGGRESSIVE;
				CLANG_WARN_UNREACHABLE_CODE = YES;
				CLANG_WARN__DUPLICATE_METHOD_MATCH = YES;
				COPY_PHASE_STRIP = NO;
				DEBUG_INFORMATION_FORMAT = dwarf;
				ENABLE_STRICT_OBJC_MSGSEND = YES;
				ENABLE_TESTABILITY = YES;
				ENABLE_USER_SCRIPT_SANDBOXING = YES;
				GCC_C_LANGUAGE_STANDARD = gnu17;
				GCC_DYNAMIC_NO_PIC = NO;
				GCC_NO_COMMON_BLOCKS = YES;
				GCC_OPTIMIZATION_LEVEL = 0;
				GCC_PREPROCESSOR_DEFINITIONS = (
					"DEBUG=1",
					"$(inherited)",
				);
				GCC_WARN_64_TO_32_BIT_CONVERSION = YES;
				GCC_WARN_ABOUT_RETURN_TYPE = YES_ERROR;
				GCC_WARN_UNDECLARED_SELECTOR = YES;
				GCC_WARN_UNINITIALIZED_AUTOS = YES_AGGRESSIVE;
				GCC_WARN_UNUSED_FUNCTION = YES;
				GCC_WARN_UNUSED_VARIABLE = YES;
				IPHONEOS_DEPLOYMENT_TARGET = 16.0;
				LOCALIZATION_PREFERS_STRING_CATALOGS = YES;
				MTL_ENABLE_DEBUG_INFO = INCLUDE_SOURCE;
				MTL_FAST_MATH = YES;
				ONLY_ACTIVE_ARCH = YES;
				SDKROOT = iphoneos;
				SWIFT_ACTIVE_COMPILATION_CONDITIONS = "DEBUG $(inherited)";
				SWIFT_OPTIMIZATION_LEVEL = "-Onone";
			};
			name = Debug;
		};
		0900000000000002 /* Release */ = {
			isa = XCBuildConfiguration;
			buildSettings = {
				ALWAYS_SEARCH_USER_PATHS = NO;
				ASSETCATALOG_COMPILER_GENERATE_SWIFT_ASSET_SYMBOL_EXTENSIONS = YES;
				CLANG_ANALYZER_NONNULL = YES;
				CLANG_ANALYZER_NUMBER_OBJECT_CONVERSION = YES_AGGRESSIVE;
				CLANG_CXX_LANGUAGE_STANDARD = "gnu++20";
				CLANG_ENABLE_MODULES = YES;
				CLANG_ENABLE_OBJC_ARC = YES;
				CLANG_ENABLE_OBJC_WEAK = YES;
				CLANG_WARN_BLOCK_CAPTURE_AUTORELEASING = YES;
				CLANG_WARN_BOOL_CONVERSION = YES;
				CLANG_WARN_COMMA = YES;
				CLANG_WARN_CONSTANT_CONVERSION = YES;
				CLANG_WARN_DEPRECATED_OBJC_IMPLEMENTATIONS = YES;
				CLANG_WARN_DIRECT_OBJC_ISA_USAGE = YES_ERROR;
				CLANG_WARN_DOCUMENTATION_COMMENTS = YES;
				CLANG_WARN_EMPTY_BODY = YES;
				CLANG_WARN_ENUM_CONVERSION = YES;
				CLANG_WARN_INFINITE_RECURSION = YES;
				CLANG_WARN_INT_CONVERSION = YES;
				CLANG_WARN_NON_LITERAL_NULL_CONVERSION = YES;
				CLANG_WARN_OBJC_IMPLICIT_RETAIN_SELF = YES;
				CLANG_WARN_OBJC_LITERAL_CONVERSION = YES;
				CLANG_WARN_OBJC_ROOT_CLASS = YES_ERROR;
				CLANG_WARN_QUOTED_INCLUDE_IN_FRAMEWORK_HEADER = YES;
				CLANG_WARN_RANGE_LOOP_ANALYSIS = YES;
				CLANG_WARN_STRICT_PROTOTYPES = YES;
				CLANG_WARN_SUSPICIOUS_MOVE = YES;
				CLANG_WARN_UNGUARDED_AVAILABILITY = YES_AGGRESSIVE;
				CLANG_WARN_UNREACHABLE_CODE = YES;
				CLANG_WARN__DUPLICATE_METHOD_MATCH = YES;
				COPY_PHASE_STRIP = NO;
				DEBUG_INFORMATION_FORMAT = "dwarf-with-dsym";
				ENABLE_NS_ASSERTIONS = NO;
				ENABLE_STRICT_OBJC_MSGSEND = YES;
				ENABLE_USER_SCRIPT_SANDBOXING = YES;
				GCC_C_LANGUAGE_STANDARD = gnu17;
				GCC_NO_COMMON_BLOCKS = YES;
				GCC_WARN_64_TO_32_BIT_CONVERSION = YES;
				GCC_WARN_ABOUT_RETURN_TYPE = YES_ERROR;
				GCC_WARN_UNDECLARED_SELECTOR = YES;
				GCC_WARN_UNINITIALIZED_AUTOS = YES_AGGRESSIVE;
				GCC_WARN_UNUSED_FUNCTION = YES;
				GCC_WARN_UNUSED_VARIABLE = YES;
				IPHONEOS_DEPLOYMENT_TARGET = 16.0;
				LOCALIZATION_PREFERS_STRING_CATALOGS = YES;
				MTL_ENABLE_DEBUG_INFO = NO;
				MTL_FAST_MATH = YES;
				SDKROOT = iphoneos;
				SWIFT_COMPILATION_MODE = wholemodule;
				VALIDATE_PRODUCT = YES;
			};
			name = Release;
		};
		0900000000000003 /* Debug */ = {
			isa = XCBuildConfiguration;
			buildSettings = {
				ASSETCATALOG_COMPILER_APPICON_NAME = AppIcon;
				ASSETCATALOG_COMPILER_GLOBAL_ACCENT_COLOR_NAME = AccentColor;
				CODE_SIGN_STYLE = Automatic;
				CURRENT_PROJECT_VERSION = 1;
				DEVELOPMENT_TEAM = "";
				ENABLE_PREVIEWS = YES;
				GENERATE_INFOPLIST_FILE = YES;
				INFOPLIST_KEY_UIApplicationSceneManifest_Generation = YES;
				INFOPLIST_KEY_UIApplicationSupportsIndirectInputEvents = YES;
				INFOPLIST_KEY_UILaunchScreen_Generation = YES;
				INFOPLIST_KEY_UISupportedInterfaceOrientations_iPad = "UIInterfaceOrientationPortrait UIInterfaceOrientationPortraitUpsideDown UIInterfaceOrientationLandscapeLeft UIInterfaceOrientationLandscapeRight";
				INFOPLIST_KEY_UISupportedInterfaceOrientations_iPhone = "UIInterfaceOrientationPortrait UIInterfaceOrientationLandscapeLeft UIInterfaceOrientationLandscapeRight";
				LD_RUNPATH_SEARCH_PATHS = (
					"$(inherited)",
					"@executable_path/Frameworks",
				);
				MARKETING_VERSION = 1.0;
				PRODUCT_BUNDLE_IDENTIFIER = com.scrolldown.app;
				PRODUCT_NAME = "$(TARGET_NAME)";
				SWIFT_EMIT_LOC_STRINGS = YES;
				SWIFT_VERSION = 5.0;
				TARGETED_DEVICE_FAMILY = "1,2";
			};
			name = Debug;
		};
		0900000000000004 /* Release */ = {
			isa = XCBuildConfiguration;
			buildSettings = {
				ASSETCATALOG_COMPILER_APPICON_NAME = AppIcon;
				ASSETCATALOG_COMPILER_GLOBAL_ACCENT_COLOR_NAME = AccentColor;
				CODE_SIGN_STYLE = Automatic;
				CURRENT_PROJECT_VERSION = 1;
				DEVELOPMENT_TEAM = "";
				ENABLE_PREVIEWS = YES;
				GENERATE_INFOPLIST_FILE = YES;
				INFOPLIST_KEY_UIApplicationSceneManifest_Generation = YES;
				INFOPLIST_KEY_UIApplicationSupportsIndirectInputEvents = YES;
				INFOPLIST_KEY_UILaunchScreen_Generation = YES;
				INFOPLIST_KEY_UISupportedInterfaceOrientations_iPad = "UIInterfaceOrientationPortrait UIInterfaceOrientationPortraitUpsideDown UIInterfaceOrientationLandscapeLeft UIInterfaceOrientationLandscapeRight";
				INFOPLIST_KEY_UISupportedInterfaceOrientations_iPhone = "UIInterfaceOrientationPortrait UIInterfaceOrientationLandscapeLeft UIInterfaceOrientationLandscapeRight";
				LD_RUNPATH_SEARCH_PATHS = (
					"$(inherited)",
					"@executable_path/Frameworks",
				);
				MARKETING_VERSION = 1.0;
				PRODUCT_BUNDLE_IDENTIFIER = com.scrolldown.app;
				PRODUCT_NAME = "$(TARGET_NAME)";
				SWIFT_EMIT_LOC_STRINGS = YES;
				SWIFT_VERSION = 5.0;
				TARGETED_DEVICE_FAMILY = "1,2";
			};
			name = Release;
		};
/* End XCBuildConfiguration section */

/* Begin XCConfigurationList section */
		0700000000000001 /* Build configuration list for PBXNativeTarget "ScrollDown" */ = {
			isa = XCConfigurationList;
			buildConfigurations = (
				0900000000000003 /* Debug */,
				0900000000000004 /* Release */,
			);
			defaultConfigurationIsVisible = 0;
			defaultConfigurationName = Release;
		};
		0700000000000002 /* Build configuration list for PBXProject "ScrollDown" */ = {
			isa = XCConfigurationList;
			buildConfigurations = (
				0900000000000001 /* Debug */,
				0900000000000002 /* Release */,
			);
			defaultConfigurationIsVisible = 0;
			defaultConfigurationName = Release;
		};
/* End XCConfigurationList section */
	};
	rootObject = 0800000000000001 /* Project object */;
}


